// !$*UTF8*$!
{
	archiveVersion = 1;
	classes = {
	};
	objectVersion = 52;
	objects = {

/* Begin PBXBuildFile section */
		224D126D24D10ED6005A179C /* MainView.swift in Sources */ = {isa = PBXBuildFile; fileRef = 224D126C24D10ED6005A179C /* MainView.swift */; };
		224D126F24D117B8005A179C /* Banner.swift in Sources */ = {isa = PBXBuildFile; fileRef = 224D126E24D117B8005A179C /* Banner.swift */; };
		224D127124D117E2005A179C /* CatagoryRow.swift in Sources */ = {isa = PBXBuildFile; fileRef = 224D127024D117E2005A179C /* CatagoryRow.swift */; };
		224D127524D1368E005A179C /* HomeView.swift in Sources */ = {isa = PBXBuildFile; fileRef = 224D127424D1368E005A179C /* HomeView.swift */; };
		224D127724D13962005A179C /* ShopView.swift in Sources */ = {isa = PBXBuildFile; fileRef = 224D127624D13962005A179C /* ShopView.swift */; };
		224D127924D1396D005A179C /* BagView.swift in Sources */ = {isa = PBXBuildFile; fileRef = 224D127824D1396D005A179C /* BagView.swift */; };
		224D127D24D13985005A179C /* ProfileView.swift in Sources */ = {isa = PBXBuildFile; fileRef = 224D127C24D13985005A179C /* ProfileView.swift */; };
		224D127F24D13999005A179C /* FavoritesView.swift in Sources */ = {isa = PBXBuildFile; fileRef = 224D127E24D13999005A179C /* FavoritesView.swift */; };
		224D128524D1E7F5005A179C /* CategoryColumn.swift in Sources */ = {isa = PBXBuildFile; fileRef = 224D128424D1E7F5005A179C /* CategoryColumn.swift */; };
		225FC96224CE952700B84A4D /* AppDelegate.swift in Sources */ = {isa = PBXBuildFile; fileRef = 225FC96124CE952700B84A4D /* AppDelegate.swift */; };
		225FC96424CE952700B84A4D /* SceneDelegate.swift in Sources */ = {isa = PBXBuildFile; fileRef = 225FC96324CE952700B84A4D /* SceneDelegate.swift */; };
		225FC96624CE952700B84A4D /* ContentView.swift in Sources */ = {isa = PBXBuildFile; fileRef = 225FC96524CE952700B84A4D /* ContentView.swift */; };
		225FC96824CE952A00B84A4D /* Assets.xcassets in Resources */ = {isa = PBXBuildFile; fileRef = 225FC96724CE952A00B84A4D /* Assets.xcassets */; };
		225FC96B24CE952A00B84A4D /* Preview Assets.xcassets in Resources */ = {isa = PBXBuildFile; fileRef = 225FC96A24CE952A00B84A4D /* Preview Assets.xcassets */; };
		225FC96E24CE952A00B84A4D /* LaunchScreen.storyboard in Resources */ = {isa = PBXBuildFile; fileRef = 225FC96C24CE952A00B84A4D /* LaunchScreen.storyboard */; };
		2282E68824CF199C004CC086 /* SignUpView.swift in Sources */ = {isa = PBXBuildFile; fileRef = 2282E68724CF199C004CC086 /* SignUpView.swift */; };
		2282E68B24CF25E4004CC086 /* FloatingTextField.swift in Sources */ = {isa = PBXBuildFile; fileRef = 2282E68A24CF25E4004CC086 /* FloatingTextField.swift */; };
		2282E68D24CF25FD004CC086 /* CustomTextField.swift in Sources */ = {isa = PBXBuildFile; fileRef = 2282E68C24CF25FD004CC086 /* CustomTextField.swift */; };
		2282E68F24CF2B52004CC086 /* LogInView.swift in Sources */ = {isa = PBXBuildFile; fileRef = 2282E68E24CF2B52004CC086 /* LogInView.swift */; };
		2282E69124CF2CD3004CC086 /* KeyboardResponder.swift in Sources */ = {isa = PBXBuildFile; fileRef = 2282E69024CF2CD3004CC086 /* KeyboardResponder.swift */; };
		2282E69424CF39DE004CC086 /* ForgotPasswordView.swift in Sources */ = {isa = PBXBuildFile; fileRef = 2282E69324CF39DE004CC086 /* ForgotPasswordView.swift */; };
		2282E69624CF5D84004CC086 /* ShakeAnimation.swift in Sources */ = {isa = PBXBuildFile; fileRef = 2282E69524CF5D84004CC086 /* ShakeAnimation.swift */; };
		22A53F6B24D51C360017F04A /* Pods_Apparel.framework in Frameworks */ = {isa = PBXBuildFile; fileRef = D60E4F42FDBAA3F9CE16C2D1 /* Pods_Apparel.framework */; };
		22A53F6E24D556500017F04A /* ColorButton.swift in Sources */ = {isa = PBXBuildFile; fileRef = 22A53F6D24D556500017F04A /* ColorButton.swift */; };
		22D4770824D3C30C00067270 /* CatalogView.swift in Sources */ = {isa = PBXBuildFile; fileRef = 22D4770724D3C30C00067270 /* CatalogView.swift */; };
		22D4770A24D3CD1E00067270 /* ProductItem.swift in Sources */ = {isa = PBXBuildFile; fileRef = 22D4770924D3CD1E00067270 /* ProductItem.swift */; };
		22D4770C24D3CD9D00067270 /* CatalogList.swift in Sources */ = {isa = PBXBuildFile; fileRef = 22D4770B24D3CD9D00067270 /* CatalogList.swift */; };
		22D4770E24D3D5E100067270 /* CatalogGrid.swift in Sources */ = {isa = PBXBuildFile; fileRef = 22D4770D24D3D5E100067270 /* CatalogGrid.swift */; };
		22D4771124D3DBAD00067270 /* StatefulTabView in Frameworks */ = {isa = PBXBuildFile; productRef = 22D4771024D3DBAD00067270 /* StatefulTabView */; };
		22D4771824D4602300067270 /* Filter.swift in Sources */ = {isa = PBXBuildFile; fileRef = 22D4771724D4602300067270 /* Filter.swift */; };
		22D4771A24D517DD00067270 /* ProductView.swift in Sources */ = {isa = PBXBuildFile; fileRef = 22D4771924D517DD00067270 /* ProductView.swift */; };
		22D4771C24D5194100067270 /* RangeSlider.swift in Sources */ = {isa = PBXBuildFile; fileRef = 22D4771B24D5194100067270 /* RangeSlider.swift */; };
/* End PBXBuildFile section */

/* Begin PBXFileReference section */
		222E241624D51B5A009AE0F7 /* SwiftRangeSlider.framework */ = {isa = PBXFileReference; explicitFileType = wrapper.framework; path = SwiftRangeSlider.framework; sourceTree = BUILT_PRODUCTS_DIR; };
		224D126C24D10ED6005A179C /* MainView.swift */ = {isa = PBXFileReference; lastKnownFileType = sourcecode.swift; path = MainView.swift; sourceTree = "<group>"; };
		224D126E24D117B8005A179C /* Banner.swift */ = {isa = PBXFileReference; lastKnownFileType = sourcecode.swift; path = Banner.swift; sourceTree = "<group>"; };
		224D127024D117E2005A179C /* CatagoryRow.swift */ = {isa = PBXFileReference; lastKnownFileType = sourcecode.swift; path = CatagoryRow.swift; sourceTree = "<group>"; };
		224D127424D1368E005A179C /* HomeView.swift */ = {isa = PBXFileReference; lastKnownFileType = sourcecode.swift; path = HomeView.swift; sourceTree = "<group>"; };
		224D127624D13962005A179C /* ShopView.swift */ = {isa = PBXFileReference; lastKnownFileType = sourcecode.swift; path = ShopView.swift; sourceTree = "<group>"; };
		224D127824D1396D005A179C /* BagView.swift */ = {isa = PBXFileReference; lastKnownFileType = sourcecode.swift; path = BagView.swift; sourceTree = "<group>"; };
		224D127C24D13985005A179C /* ProfileView.swift */ = {isa = PBXFileReference; lastKnownFileType = sourcecode.swift; path = ProfileView.swift; sourceTree = "<group>"; };
		224D127E24D13999005A179C /* FavoritesView.swift */ = {isa = PBXFileReference; lastKnownFileType = sourcecode.swift; path = FavoritesView.swift; sourceTree = "<group>"; };
		224D128424D1E7F5005A179C /* CategoryColumn.swift */ = {isa = PBXFileReference; lastKnownFileType = sourcecode.swift; path = CategoryColumn.swift; sourceTree = "<group>"; };
		225FC95E24CE952700B84A4D /* Apparel.app */ = {isa = PBXFileReference; explicitFileType = wrapper.application; includeInIndex = 0; path = Apparel.app; sourceTree = BUILT_PRODUCTS_DIR; };
		225FC96124CE952700B84A4D /* AppDelegate.swift */ = {isa = PBXFileReference; lastKnownFileType = sourcecode.swift; path = AppDelegate.swift; sourceTree = "<group>"; };
		225FC96324CE952700B84A4D /* SceneDelegate.swift */ = {isa = PBXFileReference; lastKnownFileType = sourcecode.swift; path = SceneDelegate.swift; sourceTree = "<group>"; };
		225FC96524CE952700B84A4D /* ContentView.swift */ = {isa = PBXFileReference; lastKnownFileType = sourcecode.swift; path = ContentView.swift; sourceTree = "<group>"; };
		225FC96724CE952A00B84A4D /* Assets.xcassets */ = {isa = PBXFileReference; lastKnownFileType = folder.assetcatalog; path = Assets.xcassets; sourceTree = "<group>"; };
		225FC96A24CE952A00B84A4D /* Preview Assets.xcassets */ = {isa = PBXFileReference; lastKnownFileType = folder.assetcatalog; path = "Preview Assets.xcassets"; sourceTree = "<group>"; };
		225FC96D24CE952A00B84A4D /* Base */ = {isa = PBXFileReference; lastKnownFileType = file.storyboard; name = Base; path = Base.lproj/LaunchScreen.storyboard; sourceTree = "<group>"; };
		225FC96F24CE952A00B84A4D /* Info.plist */ = {isa = PBXFileReference; lastKnownFileType = text.plist.xml; path = Info.plist; sourceTree = "<group>"; };
		2282E68724CF199C004CC086 /* SignUpView.swift */ = {isa = PBXFileReference; lastKnownFileType = sourcecode.swift; path = SignUpView.swift; sourceTree = "<group>"; };
		2282E68A24CF25E4004CC086 /* FloatingTextField.swift */ = {isa = PBXFileReference; lastKnownFileType = sourcecode.swift; path = FloatingTextField.swift; sourceTree = "<group>"; };
		2282E68C24CF25FD004CC086 /* CustomTextField.swift */ = {isa = PBXFileReference; lastKnownFileType = sourcecode.swift; path = CustomTextField.swift; sourceTree = "<group>"; };
		2282E68E24CF2B52004CC086 /* LogInView.swift */ = {isa = PBXFileReference; lastKnownFileType = sourcecode.swift; path = LogInView.swift; sourceTree = "<group>"; };
		2282E69024CF2CD3004CC086 /* KeyboardResponder.swift */ = {isa = PBXFileReference; lastKnownFileType = sourcecode.swift; path = KeyboardResponder.swift; sourceTree = "<group>"; };
		2282E69324CF39DE004CC086 /* ForgotPasswordView.swift */ = {isa = PBXFileReference; lastKnownFileType = sourcecode.swift; path = ForgotPasswordView.swift; sourceTree = "<group>"; };
		2282E69524CF5D84004CC086 /* ShakeAnimation.swift */ = {isa = PBXFileReference; lastKnownFileType = sourcecode.swift; path = ShakeAnimation.swift; sourceTree = "<group>"; };
		22A53F6424D51C310017F04A /* WARangeSlider.framework */ = {isa = PBXFileReference; explicitFileType = wrapper.framework; path = WARangeSlider.framework; sourceTree = BUILT_PRODUCTS_DIR; };
		22A53F6D24D556500017F04A /* ColorButton.swift */ = {isa = PBXFileReference; lastKnownFileType = sourcecode.swift; path = ColorButton.swift; sourceTree = "<group>"; };
		22D4770724D3C30C00067270 /* CatalogView.swift */ = {isa = PBXFileReference; lastKnownFileType = sourcecode.swift; path = CatalogView.swift; sourceTree = "<group>"; };
		22D4770924D3CD1E00067270 /* ProductItem.swift */ = {isa = PBXFileReference; lastKnownFileType = sourcecode.swift; path = ProductItem.swift; sourceTree = "<group>"; };
		22D4770B24D3CD9D00067270 /* CatalogList.swift */ = {isa = PBXFileReference; lastKnownFileType = sourcecode.swift; path = CatalogList.swift; sourceTree = "<group>"; };
		22D4770D24D3D5E100067270 /* CatalogGrid.swift */ = {isa = PBXFileReference; lastKnownFileType = sourcecode.swift; path = CatalogGrid.swift; sourceTree = "<group>"; };
		22D4771724D4602300067270 /* Filter.swift */ = {isa = PBXFileReference; lastKnownFileType = sourcecode.swift; path = Filter.swift; sourceTree = "<group>"; };
		22D4771924D517DD00067270 /* ProductView.swift */ = {isa = PBXFileReference; lastKnownFileType = sourcecode.swift; path = ProductView.swift; sourceTree = "<group>"; };
		22D4771B24D5194100067270 /* RangeSlider.swift */ = {isa = PBXFileReference; lastKnownFileType = sourcecode.swift; path = RangeSlider.swift; sourceTree = "<group>"; };
		3DABA1C6010DFED68225F717 /* Pods-Apparel.debug.xcconfig */ = {isa = PBXFileReference; includeInIndex = 1; lastKnownFileType = text.xcconfig; name = "Pods-Apparel.debug.xcconfig"; path = "Target Support Files/Pods-Apparel/Pods-Apparel.debug.xcconfig"; sourceTree = "<group>"; };
		C711B4D4975B8F9B3F311AA1 /* Pods-Apparel.release.xcconfig */ = {isa = PBXFileReference; includeInIndex = 1; lastKnownFileType = text.xcconfig; name = "Pods-Apparel.release.xcconfig"; path = "Target Support Files/Pods-Apparel/Pods-Apparel.release.xcconfig"; sourceTree = "<group>"; };
		D60E4F42FDBAA3F9CE16C2D1 /* Pods_Apparel.framework */ = {isa = PBXFileReference; explicitFileType = wrapper.framework; includeInIndex = 0; path = Pods_Apparel.framework; sourceTree = BUILT_PRODUCTS_DIR; };
/* End PBXFileReference section */

/* Begin PBXFrameworksBuildPhase section */
		225FC95B24CE952700B84A4D /* Frameworks */ = {
			isa = PBXFrameworksBuildPhase;
			buildActionMask = 2147483647;
			files = (
				22D4771124D3DBAD00067270 /* StatefulTabView in Frameworks */,
				22A53F6B24D51C360017F04A /* Pods_Apparel.framework in Frameworks */,
			);
			runOnlyForDeploymentPostprocessing = 0;
		};
/* End PBXFrameworksBuildPhase section */

/* Begin PBXGroup section */
		225FC95524CE952700B84A4D = {
			isa = PBXGroup;
			children = (
				225FC96024CE952700B84A4D /* Apparel */,
				225FC95F24CE952700B84A4D /* Products */,
				C51BC90E7013F8C5AB89A387 /* Pods */,
				81CF3DA77EEBAEB4B64F7ECD /* Frameworks */,
			);
			sourceTree = "<group>";
		};
		225FC95F24CE952700B84A4D /* Products */ = {
			isa = PBXGroup;
			children = (
				225FC95E24CE952700B84A4D /* Apparel.app */,
			);
			name = Products;
			sourceTree = "<group>";
		};
		225FC96024CE952700B84A4D /* Apparel */ = {
			isa = PBXGroup;
			children = (
				2282E68924CF25D6004CC086 /* Supporting Views */,
				225FC96124CE952700B84A4D /* AppDelegate.swift */,
				225FC96324CE952700B84A4D /* SceneDelegate.swift */,
				225FC96524CE952700B84A4D /* ContentView.swift */,
				225FC96724CE952A00B84A4D /* Assets.xcassets */,
				225FC96C24CE952A00B84A4D /* LaunchScreen.storyboard */,
				225FC96F24CE952A00B84A4D /* Info.plist */,
				225FC96924CE952A00B84A4D /* Preview Content */,
				2282E68724CF199C004CC086 /* SignUpView.swift */,
				2282E68E24CF2B52004CC086 /* LogInView.swift */,
				2282E69324CF39DE004CC086 /* ForgotPasswordView.swift */,
				224D126C24D10ED6005A179C /* MainView.swift */,
				224D127424D1368E005A179C /* HomeView.swift */,
				224D127624D13962005A179C /* ShopView.swift */,
				224D127824D1396D005A179C /* BagView.swift */,
				224D127C24D13985005A179C /* ProfileView.swift */,
				224D127E24D13999005A179C /* FavoritesView.swift */,
				22D4770724D3C30C00067270 /* CatalogView.swift */,
				22D4771924D517DD00067270 /* ProductView.swift */,
			);
			path = Apparel;
			sourceTree = "<group>";
		};
		225FC96924CE952A00B84A4D /* Preview Content */ = {
			isa = PBXGroup;
			children = (
				225FC96A24CE952A00B84A4D /* Preview Assets.xcassets */,
			);
			path = "Preview Content";
			sourceTree = "<group>";
		};
		2282E68924CF25D6004CC086 /* Supporting Views */ = {
			isa = PBXGroup;
			children = (
				2282E68A24CF25E4004CC086 /* FloatingTextField.swift */,
				2282E68C24CF25FD004CC086 /* CustomTextField.swift */,
				2282E69024CF2CD3004CC086 /* KeyboardResponder.swift */,
				2282E69524CF5D84004CC086 /* ShakeAnimation.swift */,
				224D126E24D117B8005A179C /* Banner.swift */,
				224D127024D117E2005A179C /* CatagoryRow.swift */,
				224D128424D1E7F5005A179C /* CategoryColumn.swift */,
				22D4770924D3CD1E00067270 /* ProductItem.swift */,
				22D4770B24D3CD9D00067270 /* CatalogList.swift */,
				22D4770D24D3D5E100067270 /* CatalogGrid.swift */,
				22D4771724D4602300067270 /* Filter.swift */,
				22D4771B24D5194100067270 /* RangeSlider.swift */,
				22A53F6D24D556500017F04A /* ColorButton.swift */,
			);
			path = "Supporting Views";
			sourceTree = "<group>";
		};
		81CF3DA77EEBAEB4B64F7ECD /* Frameworks */ = {
			isa = PBXGroup;
			children = (
				22A53F6424D51C310017F04A /* WARangeSlider.framework */,
				222E241624D51B5A009AE0F7 /* SwiftRangeSlider.framework */,
				D60E4F42FDBAA3F9CE16C2D1 /* Pods_Apparel.framework */,
			);
			name = Frameworks;
			sourceTree = "<group>";
		};
		C51BC90E7013F8C5AB89A387 /* Pods */ = {
			isa = PBXGroup;
			children = (
				3DABA1C6010DFED68225F717 /* Pods-Apparel.debug.xcconfig */,
				C711B4D4975B8F9B3F311AA1 /* Pods-Apparel.release.xcconfig */,
			);
			path = Pods;
			sourceTree = "<group>";
		};
/* End PBXGroup section */

/* Begin PBXNativeTarget section */
		225FC95D24CE952700B84A4D /* Apparel */ = {
			isa = PBXNativeTarget;
			buildConfigurationList = 225FC97224CE952A00B84A4D /* Build configuration list for PBXNativeTarget "Apparel" */;
			buildPhases = (
				C5D58C009492F0AC424154EA /* [CP] Check Pods Manifest.lock */,
				225FC95A24CE952700B84A4D /* Sources */,
				225FC95B24CE952700B84A4D /* Frameworks */,
				225FC95C24CE952700B84A4D /* Resources */,
				8F3D30E277A951DE01AA56EC /* [CP] Embed Pods Frameworks */,
			);
			buildRules = (
			);
			dependencies = (
			);
			name = Apparel;
			packageProductDependencies = (
				22D4771024D3DBAD00067270 /* StatefulTabView */,
			);
			productName = Apparel;
			productReference = 225FC95E24CE952700B84A4D /* Apparel.app */;
			productType = "com.apple.product-type.application";
		};
/* End PBXNativeTarget section */

/* Begin PBXProject section */
		225FC95624CE952700B84A4D /* Project object */ = {
			isa = PBXProject;
			attributes = {
				LastSwiftUpdateCheck = 1150;
				LastUpgradeCheck = 1150;
				ORGANIZATIONNAME = "Shanjinur Islam";
				TargetAttributes = {
					225FC95D24CE952700B84A4D = {
						CreatedOnToolsVersion = 11.5;
					};
				};
			};
			buildConfigurationList = 225FC95924CE952700B84A4D /* Build configuration list for PBXProject "Apparel" */;
			compatibilityVersion = "Xcode 9.3";
			developmentRegion = en;
			hasScannedForEncodings = 0;
			knownRegions = (
				en,
				Base,
			);
			mainGroup = 225FC95524CE952700B84A4D;
			packageReferences = (
				22D4770F24D3DBAD00067270 /* XCRemoteSwiftPackageReference "StatefulTabView" */,
			);
			productRefGroup = 225FC95F24CE952700B84A4D /* Products */;
			projectDirPath = "";
			projectRoot = "";
			targets = (
				225FC95D24CE952700B84A4D /* Apparel */,
			);
		};
/* End PBXProject section */

/* Begin PBXResourcesBuildPhase section */
		225FC95C24CE952700B84A4D /* Resources */ = {
			isa = PBXResourcesBuildPhase;
			buildActionMask = 2147483647;
			files = (
				225FC96E24CE952A00B84A4D /* LaunchScreen.storyboard in Resources */,
				225FC96B24CE952A00B84A4D /* Preview Assets.xcassets in Resources */,
				225FC96824CE952A00B84A4D /* Assets.xcassets in Resources */,
			);
			runOnlyForDeploymentPostprocessing = 0;
		};
/* End PBXResourcesBuildPhase section */

/* Begin PBXShellScriptBuildPhase section */
		8F3D30E277A951DE01AA56EC /* [CP] Embed Pods Frameworks */ = {
			isa = PBXShellScriptBuildPhase;
			buildActionMask = 2147483647;
			files = (
			);
			inputFileListPaths = (
				"${PODS_ROOT}/Target Support Files/Pods-Apparel/Pods-Apparel-frameworks-${CONFIGURATION}-input-files.xcfilelist",
			);
			name = "[CP] Embed Pods Frameworks";
			outputFileListPaths = (
				"${PODS_ROOT}/Target Support Files/Pods-Apparel/Pods-Apparel-frameworks-${CONFIGURATION}-output-files.xcfilelist",
			);
			runOnlyForDeploymentPostprocessing = 0;
			shellPath = /bin/sh;
			shellScript = "\"${PODS_ROOT}/Target Support Files/Pods-Apparel/Pods-Apparel-frameworks.sh\"\n";
			showEnvVarsInLog = 0;
		};
		C5D58C009492F0AC424154EA /* [CP] Check Pods Manifest.lock */ = {
			isa = PBXShellScriptBuildPhase;
			buildActionMask = 2147483647;
			files = (
			);
			inputFileListPaths = (
			);
			inputPaths = (
				"${PODS_PODFILE_DIR_PATH}/Podfile.lock",
				"${PODS_ROOT}/Manifest.lock",
			);
			name = "[CP] Check Pods Manifest.lock";
			outputFileListPaths = (
			);
			outputPaths = (
				"$(DERIVED_FILE_DIR)/Pods-Apparel-checkManifestLockResult.txt",
			);
			runOnlyForDeploymentPostprocessing = 0;
			shellPath = /bin/sh;
			shellScript = "diff \"${PODS_PODFILE_DIR_PATH}/Podfile.lock\" \"${PODS_ROOT}/Manifest.lock\" > /dev/null\nif [ $? != 0 ] ; then\n    # print error to STDERR\n    echo \"error: The sandbox is not in sync with the Podfile.lock. Run 'pod install' or update your CocoaPods installation.\" >&2\n    exit 1\nfi\n# This output is used by Xcode 'outputs' to avoid re-running this script phase.\necho \"SUCCESS\" > \"${SCRIPT_OUTPUT_FILE_0}\"\n";
			showEnvVarsInLog = 0;
		};
/* End PBXShellScriptBuildPhase section */

/* Begin PBXSourcesBuildPhase section */
		225FC95A24CE952700B84A4D /* Sources */ = {
			isa = PBXSourcesBuildPhase;
			buildActionMask = 2147483647;
			files = (
				22D4771A24D517DD00067270 /* ProductView.swift in Sources */,
				2282E68824CF199C004CC086 /* SignUpView.swift in Sources */,
				22D4771824D4602300067270 /* Filter.swift in Sources */,
				2282E68F24CF2B52004CC086 /* LogInView.swift in Sources */,
				225FC96224CE952700B84A4D /* AppDelegate.swift in Sources */,
				224D127524D1368E005A179C /* HomeView.swift in Sources */,
				22A53F6E24D556500017F04A /* ColorButton.swift in Sources */,
				2282E68D24CF25FD004CC086 /* CustomTextField.swift in Sources */,
				224D127124D117E2005A179C /* CatagoryRow.swift in Sources */,
				224D127924D1396D005A179C /* BagView.swift in Sources */,
				225FC96424CE952700B84A4D /* SceneDelegate.swift in Sources */,
				224D126F24D117B8005A179C /* Banner.swift in Sources */,
				2282E69624CF5D84004CC086 /* ShakeAnimation.swift in Sources */,
				224D128524D1E7F5005A179C /* CategoryColumn.swift in Sources */,
				22D4770E24D3D5E100067270 /* CatalogGrid.swift in Sources */,
				2282E69124CF2CD3004CC086 /* KeyboardResponder.swift in Sources */,
				224D126D24D10ED6005A179C /* MainView.swift in Sources */,
				2282E68B24CF25E4004CC086 /* FloatingTextField.swift in Sources */,
				2282E69424CF39DE004CC086 /* ForgotPasswordView.swift in Sources */,
				22D4771C24D5194100067270 /* RangeSlider.swift in Sources */,
				22D4770A24D3CD1E00067270 /* ProductItem.swift in Sources */,
				224D127D24D13985005A179C /* ProfileView.swift in Sources */,
				22D4770824D3C30C00067270 /* CatalogView.swift in Sources */,
				224D127724D13962005A179C /* ShopView.swift in Sources */,
				22D4770C24D3CD9D00067270 /* CatalogList.swift in Sources */,
				225FC96624CE952700B84A4D /* ContentView.swift in Sources */,
				224D127F24D13999005A179C /* FavoritesView.swift in Sources */,
			);
			runOnlyForDeploymentPostprocessing = 0;
		};
/* End PBXSourcesBuildPhase section */

/* Begin PBXVariantGroup section */
		225FC96C24CE952A00B84A4D /* LaunchScreen.storyboard */ = {
			isa = PBXVariantGroup;
			children = (
				225FC96D24CE952A00B84A4D /* Base */,
			);
			name = LaunchScreen.storyboard;
			sourceTree = "<group>";
		};
/* End PBXVariantGroup section */

/* Begin XCBuildConfiguration section */
		225FC97024CE952A00B84A4D /* Debug */ = {
			isa = XCBuildConfiguration;
			buildSettings = {
				ALWAYS_SEARCH_USER_PATHS = NO;
				CLANG_ANALYZER_NONNULL = YES;
				CLANG_ANALYZER_NUMBER_OBJECT_CONVERSION = YES_AGGRESSIVE;
				CLANG_CXX_LANGUAGE_STANDARD = "gnu++14";
				CLANG_CXX_LIBRARY = "libc++";
				CLANG_ENABLE_MODULES = YES;
				CLANG_ENABLE_OBJC_ARC = YES;
				CLANG_ENABLE_OBJC_WEAK = YES;
				CLANG_WARN_BLOCK_CAPTURE_AUTORELEASING = YES;
				CLANG_WARN_BOOL_CONVERSION = YES;
				CLANG_WARN_COMMA = YES;
				CLANG_WARN_CONSTANT_CONVERSION = YES;
				CLANG_WARN_DEPRECATED_OBJC_IMPLEMENTATIONS = YES;
				CLANG_WARN_DIRECT_OBJC_ISA_USAGE = YES_ERROR;
				CLANG_WARN_DOCUMENTATION_COMMENTS = YES;
				CLANG_WARN_EMPTY_BODY = YES;
				CLANG_WARN_ENUM_CONVERSION = YES;
				CLANG_WARN_INFINITE_RECURSION = YES;
				CLANG_WARN_INT_CONVERSION = YES;
				CLANG_WARN_NON_LITERAL_NULL_CONVERSION = YES;
				CLANG_WARN_OBJC_IMPLICIT_RETAIN_SELF = YES;
				CLANG_WARN_OBJC_LITERAL_CONVERSION = YES;
				CLANG_WARN_OBJC_ROOT_CLASS = YES_ERROR;
				CLANG_WARN_RANGE_LOOP_ANALYSIS = YES;
				CLANG_WARN_STRICT_PROTOTYPES = YES;
				CLANG_WARN_SUSPICIOUS_MOVE = YES;
				CLANG_WARN_UNGUARDED_AVAILABILITY = YES_AGGRESSIVE;
				CLANG_WARN_UNREACHABLE_CODE = YES;
				CLANG_WARN__DUPLICATE_METHOD_MATCH = YES;
				COPY_PHASE_STRIP = NO;
				DEBUG_INFORMATION_FORMAT = dwarf;
				ENABLE_STRICT_OBJC_MSGSEND = YES;
				ENABLE_TESTABILITY = YES;
				GCC_C_LANGUAGE_STANDARD = gnu11;
				GCC_DYNAMIC_NO_PIC = NO;
				GCC_NO_COMMON_BLOCKS = YES;
				GCC_OPTIMIZATION_LEVEL = 0;
				GCC_PREPROCESSOR_DEFINITIONS = (
					"DEBUG=1",
					"$(inherited)",
				);
				GCC_WARN_64_TO_32_BIT_CONVERSION = YES;
				GCC_WARN_ABOUT_RETURN_TYPE = YES_ERROR;
				GCC_WARN_UNDECLARED_SELECTOR = YES;
				GCC_WARN_UNINITIALIZED_AUTOS = YES_AGGRESSIVE;
				GCC_WARN_UNUSED_FUNCTION = YES;
				GCC_WARN_UNUSED_VARIABLE = YES;
				IPHONEOS_DEPLOYMENT_TARGET = 13.5;
				MTL_ENABLE_DEBUG_INFO = INCLUDE_SOURCE;
				MTL_FAST_MATH = YES;
				ONLY_ACTIVE_ARCH = YES;
				SDKROOT = iphoneos;
				SWIFT_ACTIVE_COMPILATION_CONDITIONS = DEBUG;
				SWIFT_OPTIMIZATION_LEVEL = "-Onone";
			};
			name = Debug;
		};
		225FC97124CE952A00B84A4D /* Release */ = {
			isa = XCBuildConfiguration;
			buildSettings = {
				ALWAYS_SEARCH_USER_PATHS = NO;
				CLANG_ANALYZER_NONNULL = YES;
				CLANG_ANALYZER_NUMBER_OBJECT_CONVERSION = YES_AGGRESSIVE;
				CLANG_CXX_LANGUAGE_STANDARD = "gnu++14";
				CLANG_CXX_LIBRARY = "libc++";
				CLANG_ENABLE_MODULES = YES;
				CLANG_ENABLE_OBJC_ARC = YES;
				CLANG_ENABLE_OBJC_WEAK = YES;
				CLANG_WARN_BLOCK_CAPTURE_AUTORELEASING = YES;
				CLANG_WARN_BOOL_CONVERSION = YES;
				CLANG_WARN_COMMA = YES;
				CLANG_WARN_CONSTANT_CONVERSION = YES;
				CLANG_WARN_DEPRECATED_OBJC_IMPLEMENTATIONS = YES;
				CLANG_WARN_DIRECT_OBJC_ISA_USAGE = YES_ERROR;
				CLANG_WARN_DOCUMENTATION_COMMENTS = YES;
				CLANG_WARN_EMPTY_BODY = YES;
				CLANG_WARN_ENUM_CONVERSION = YES;
				CLANG_WARN_INFINITE_RECURSION = YES;
				CLANG_WARN_INT_CONVERSION = YES;
				CLANG_WARN_NON_LITERAL_NULL_CONVERSION = YES;
				CLANG_WARN_OBJC_IMPLICIT_RETAIN_SELF = YES;
				CLANG_WARN_OBJC_LITERAL_CONVERSION = YES;
				CLANG_WARN_OBJC_ROOT_CLASS = YES_ERROR;
				CLANG_WARN_RANGE_LOOP_ANALYSIS = YES;
				CLANG_WARN_STRICT_PROTOTYPES = YES;
				CLANG_WARN_SUSPICIOUS_MOVE = YES;
				CLANG_WARN_UNGUARDED_AVAILABILITY = YES_AGGRESSIVE;
				CLANG_WARN_UNREACHABLE_CODE = YES;
				CLANG_WARN__DUPLICATE_METHOD_MATCH = YES;
				COPY_PHASE_STRIP = NO;
				DEBUG_INFORMATION_FORMAT = "dwarf-with-dsym";
				ENABLE_NS_ASSERTIONS = NO;
				ENABLE_STRICT_OBJC_MSGSEND = YES;
				GCC_C_LANGUAGE_STANDARD = gnu11;
				GCC_NO_COMMON_BLOCKS = YES;
				GCC_WARN_64_TO_32_BIT_CONVERSION = YES;
				GCC_WARN_ABOUT_RETURN_TYPE = YES_ERROR;
				GCC_WARN_UNDECLARED_SELECTOR = YES;
				GCC_WARN_UNINITIALIZED_AUTOS = YES_AGGRESSIVE;
				GCC_WARN_UNUSED_FUNCTION = YES;
				GCC_WARN_UNUSED_VARIABLE = YES;
				IPHONEOS_DEPLOYMENT_TARGET = 13.5;
				MTL_ENABLE_DEBUG_INFO = NO;
				MTL_FAST_MATH = YES;
				SDKROOT = iphoneos;
				SWIFT_COMPILATION_MODE = wholemodule;
				SWIFT_OPTIMIZATION_LEVEL = "-O";
				VALIDATE_PRODUCT = YES;
			};
			name = Release;
		};
		225FC97324CE952A00B84A4D /* Debug */ = {
			isa = XCBuildConfiguration;
			baseConfigurationReference = 3DABA1C6010DFED68225F717 /* Pods-Apparel.debug.xcconfig */;
			buildSettings = {
				ASSETCATALOG_COMPILER_APPICON_NAME = AppIcon;
				CODE_SIGN_STYLE = Automatic;
				DEVELOPMENT_ASSET_PATHS = "\"Apparel/Preview Content\"";
				DEVELOPMENT_TEAM = 95TGYLRZP6;
				ENABLE_PREVIEWS = YES;
				INFOPLIST_FILE = Apparel/Info.plist;
				LD_RUNPATH_SEARCH_PATHS = (
					"$(inherited)",
					"@executable_path/Frameworks",
				);
				PRODUCT_BUNDLE_IDENTIFIER = com.shanjinur.Apparel;
				PRODUCT_NAME = "$(TARGET_NAME)";
				SWIFT_VERSION = 5.0;
				TARGETED_DEVICE_FAMILY = "1,2";
			};
			name = Debug;
		};
		225FC97424CE952A00B84A4D /* Release */ = {
			isa = XCBuildConfiguration;
			baseConfigurationReference = C711B4D4975B8F9B3F311AA1 /* Pods-Apparel.release.xcconfig */;
			buildSettings = {
				ASSETCATALOG_COMPILER_APPICON_NAME = AppIcon;
				CODE_SIGN_STYLE = Automatic;
				DEVELOPMENT_ASSET_PATHS = "\"Apparel/Preview Content\"";
				DEVELOPMENT_TEAM = 95TGYLRZP6;
				ENABLE_PREVIEWS = YES;
				INFOPLIST_FILE = Apparel/Info.plist;
				LD_RUNPATH_SEARCH_PATHS = (
					"$(inherited)",
					"@executable_path/Frameworks",
				);
				PRODUCT_BUNDLE_IDENTIFIER = com.shanjinur.Apparel;
				PRODUCT_NAME = "$(TARGET_NAME)";
				SWIFT_VERSION = 5.0;
				TARGETED_DEVICE_FAMILY = "1,2";
			};
			name = Release;
		};
/* End XCBuildConfiguration section */

/* Begin XCConfigurationList section */
		225FC95924CE952700B84A4D /* Build configuration list for PBXProject "Apparel" */ = {
			isa = XCConfigurationList;
			buildConfigurations = (
				225FC97024CE952A00B84A4D /* Debug */,
				225FC97124CE952A00B84A4D /* Release */,
			);
			defaultConfigurationIsVisible = 0;
			defaultConfigurationName = Release;
		};
		225FC97224CE952A00B84A4D /* Build configuration list for PBXNativeTarget "Apparel" */ = {
			isa = XCConfigurationList;
			buildConfigurations = (
				225FC97324CE952A00B84A4D /* Debug */,
				225FC97424CE952A00B84A4D /* Release */,
			);
			defaultConfigurationIsVisible = 0;
			defaultConfigurationName = Release;
		};
/* End XCConfigurationList section */

/* Begin XCRemoteSwiftPackageReference section */
		22D4770F24D3DBAD00067270 /* XCRemoteSwiftPackageReference "StatefulTabView" */ = {
			isa = XCRemoteSwiftPackageReference;
			repositoryURL = "https://github.com/NicholasBellucci/StatefulTabView";
			requirement = {
				kind = upToNextMajorVersion;
				minimumVersion = 0.1.3;
			};
		};
/* End XCRemoteSwiftPackageReference section */

/* Begin XCSwiftPackageProductDependency section */
		22D4771024D3DBAD00067270 /* StatefulTabView */ = {
			isa = XCSwiftPackageProductDependency;
			package = 22D4770F24D3DBAD00067270 /* XCRemoteSwiftPackageReference "StatefulTabView" */;
			productName = StatefulTabView;
		};
/* End XCSwiftPackageProductDependency section */
	};
	rootObject = 225FC95624CE952700B84A4D /* Project object */;
}
